
Microsoft Visual Studio Solution File, Format Version 12.00
# Visual Studio Version 17
VisualStudioVersion = 17.9.34622.214
MinimumVisualStudioVersion = 10.0.40219.1
Project("{9A19103F-16F7-4668-BE54-9A1E7A4F7556}") = "Eliezer_Terrero_P2_AP1.Client", "Eliezer_Terrero_P2_AP1.Client.csproj", "{1872F617-CFF4-4C42-83C1-1DE6C8F289A4}"
EndProject
Project("{9A19103F-16F7-4668-BE54-9A1E7A4F7556}") = "Eliezer_Terrero_P2_AP1.API", "..\Eliezer_Terrero_P2_AP1.API\Eliezer_Terrero_P2_AP1.API.csproj", "{75626C5A-F6A2-4A26-A22A-1E302D811752}"
EndProject
Project("{9A19103F-16F7-4668-BE54-9A1E7A4F7556}") = "Shared", "..\Shared\Shared.csproj", "{5DB52F87-FB57-42A4-A813-C714F9EB1EC9}"
EndProject
Global
	GlobalSection(SolutionConfigurationPlatforms) = preSolution
		Debug|Any CPU = Debug|Any CPU
		Release|Any CPU = Release|Any CPU
	EndGlobalSection
	GlobalSection(ProjectConfigurationPlatforms) = postSolution
		{1872F617-CFF4-4C42-83C1-1DE6C8F289A4}.Debug|Any CPU.ActiveCfg = Debug|Any CPU
		{1872F617-CFF4-4C42-83C1-1DE6C8F289A4}.Debug|Any CPU.Build.0 = Debug|Any CPU
		{1872F617-CFF4-4C42-83C1-1DE6C8F289A4}.Release|Any CPU.ActiveCfg = Release|Any CPU
		{1872F617-CFF4-4C42-83C1-1DE6C8F289A4}.Release|Any CPU.Build.0 = Release|Any CPU
		{75626C5A-F6A2-4A26-A22A-1E302D811752}.Debug|Any CPU.ActiveCfg = Debug|Any CPU
		{75626C5A-F6A2-4A26-A22A-1E302D811752}.Debug|Any CPU.Build.0 = Debug|Any CPU
		{75626C5A-F6A2-4A26-A22A-1E302D811752}.Release|Any CPU.ActiveCfg = Release|Any CPU
		{75626C5A-F6A2-4A26-A22A-1E302D811752}.Release|Any CPU.Build.0 = Release|Any CPU
		{5DB52F87-FB57-42A4-A813-C714F9EB1EC9}.Debug|Any CPU.ActiveCfg = Debug|Any CPU
		{5DB52F87-FB57-42A4-A813-C714F9EB1EC9}.Debug|Any CPU.Build.0 = Debug|Any CPU
		{5DB52F87-FB57-42A4-A813-C714F9EB1EC9}.Release|Any CPU.ActiveCfg = Release|Any CPU
		{5DB52F87-FB57-42A4-A813-C714F9EB1EC9}.Release|Any CPU.Build.0 = Release|Any CPU
	EndGlobalSection
	GlobalSection(SolutionProperties) = preSolution
		HideSolutionNode = FALSE
	EndGlobalSection
	GlobalSection(ExtensibilityGlobals) = postSolution
		SolutionGuid = {C12E8879-72FF-4A39-81D8-5A2A446D9AC2}
	EndGlobalSection
EndGlobal
